
Microsoft Visual Studio Solution File, Format Version 12.00
# Visual Studio 14
VisualStudioVersion = 14.0.25420.1
MinimumVisualStudioVersion = 10.0.40219.1
Project("{FAE04EC0-301F-11D3-BF4B-00C04F79EFBC}") = "Core.Web", "Core.Web\Core.Web.csproj", "{AAA7CF39-EBA7-4061-B5BC-26181B46ABBE}"
EndProject
Project("{FAE04EC0-301F-11D3-BF4B-00C04F79EFBC}") = "Core.Info", "Core.Info\Core.Info.csproj", "{E54AAD64-B2EF-4233-9864-8C44B05FD871}"
EndProject
Project("{FAE04EC0-301F-11D3-BF4B-00C04F79EFBC}") = "Core.Data", "Core.Data\Core.Data.csproj", "{6A2913FE-E28B-41C4-A1E1-BB4C68315C3D}"
EndProject
Project("{FAE04EC0-301F-11D3-BF4B-00C04F79EFBC}") = "Core.WindowsService", "Core.WindowsService\Core.WindowsService.csproj", "{7CE07AFF-1290-441E-A7F9-26A715E7A162}"
EndProject
Project("{FAE04EC0-301F-11D3-BF4B-00C04F79EFBC}") = "Core.TestWindowsService", "Core.TestWindowsService\Core.TestWindowsService.csproj", "{AF734F23-2075-45D2-8C98-CC7F536EF372}"
EndProject
Project("{54435603-DBB4-11D2-8724-00A0C9A8B90C}") = "CorreosSetup", "CorreosSetup\CorreosSetup.vdproj", "{2DF4289A-C644-4FAF-9028-C1DD49BC0883}"
EndProject
Global
	GlobalSection(SolutionConfigurationPlatforms) = preSolution
		Debug|Any CPU = Debug|Any CPU
		Release|Any CPU = Release|Any CPU
	EndGlobalSection
	GlobalSection(ProjectConfigurationPlatforms) = postSolution
		{AAA7CF39-EBA7-4061-B5BC-26181B46ABBE}.Debug|Any CPU.ActiveCfg = Debug|Any CPU
		{AAA7CF39-EBA7-4061-B5BC-26181B46ABBE}.Debug|Any CPU.Build.0 = Debug|Any CPU
		{AAA7CF39-EBA7-4061-B5BC-26181B46ABBE}.Release|Any CPU.ActiveCfg = Release|Any CPU
		{AAA7CF39-EBA7-4061-B5BC-26181B46ABBE}.Release|Any CPU.Build.0 = Release|Any CPU
		{E54AAD64-B2EF-4233-9864-8C44B05FD871}.Debug|Any CPU.ActiveCfg = Debug|Any CPU
		{E54AAD64-B2EF-4233-9864-8C44B05FD871}.Debug|Any CPU.Build.0 = Debug|Any CPU
		{E54AAD64-B2EF-4233-9864-8C44B05FD871}.Release|Any CPU.ActiveCfg = Release|Any CPU
		{E54AAD64-B2EF-4233-9864-8C44B05FD871}.Release|Any CPU.Build.0 = Release|Any CPU
		{6A2913FE-E28B-41C4-A1E1-BB4C68315C3D}.Debug|Any CPU.ActiveCfg = Debug|Any CPU
		{6A2913FE-E28B-41C4-A1E1-BB4C68315C3D}.Debug|Any CPU.Build.0 = Debug|Any CPU
		{6A2913FE-E28B-41C4-A1E1-BB4C68315C3D}.Release|Any CPU.ActiveCfg = Release|Any CPU
		{6A2913FE-E28B-41C4-A1E1-BB4C68315C3D}.Release|Any CPU.Build.0 = Release|Any CPU
		{7CE07AFF-1290-441E-A7F9-26A715E7A162}.Debug|Any CPU.ActiveCfg = Debug|Any CPU
		{7CE07AFF-1290-441E-A7F9-26A715E7A162}.Debug|Any CPU.Build.0 = Debug|Any CPU
		{7CE07AFF-1290-441E-A7F9-26A715E7A162}.Release|Any CPU.ActiveCfg = Release|Any CPU
		{7CE07AFF-1290-441E-A7F9-26A715E7A162}.Release|Any CPU.Build.0 = Release|Any CPU
		{AF734F23-2075-45D2-8C98-CC7F536EF372}.Debug|Any CPU.ActiveCfg = Debug|Any CPU
		{AF734F23-2075-45D2-8C98-CC7F536EF372}.Debug|Any CPU.Build.0 = Debug|Any CPU
		{AF734F23-2075-45D2-8C98-CC7F536EF372}.Release|Any CPU.ActiveCfg = Release|Any CPU
		{AF734F23-2075-45D2-8C98-CC7F536EF372}.Release|Any CPU.Build.0 = Release|Any CPU
		{2DF4289A-C644-4FAF-9028-C1DD49BC0883}.Debug|Any CPU.ActiveCfg = Debug
		{2DF4289A-C644-4FAF-9028-C1DD49BC0883}.Release|Any CPU.ActiveCfg = Release
	EndGlobalSection
	GlobalSection(SolutionProperties) = preSolution
		HideSolutionNode = FALSE
	EndGlobalSection
EndGlobal
