
Microsoft Visual Studio Solution File, Format Version 12.00
# Visual Studio 15
VisualStudioVersion = 15.0.27703.2018
MinimumVisualStudioVersion = 10.0.40219.1
Project("{FAE04EC0-301F-11D3-BF4B-00C04F79EFBC}") = "Core.App.Aprobacion.Android", "Core.App.Aprobacion\Core.App.Aprobacion.Android\Core.App.Aprobacion.Android.csproj", "{AE0109C9-C4FA-43CB-BDF1-593573075919}"
EndProject
Project("{FAE04EC0-301F-11D3-BF4B-00C04F79EFBC}") = "Core.App.Aprobacion.iOS", "Core.App.Aprobacion\Core.App.Aprobacion.iOS\Core.App.Aprobacion.iOS.csproj", "{B93503CD-9234-4ACF-BEEE-DF9D61B4B835}"
EndProject
Project("{FAE04EC0-301F-11D3-BF4B-00C04F79EFBC}") = "Core.App.Aprobacion.UWP", "Core.App.Aprobacion\Core.App.Aprobacion.UWP\Core.App.Aprobacion.UWP.csproj", "{AC7EF6CE-4B76-4BD9-B1D8-27EECD9DCF85}"
EndProject
Project("{FAE04EC0-301F-11D3-BF4B-00C04F79EFBC}") = "Core.App.Aprobacion", "Core.App.Aprobacion\Core.App.Aprobacion\Core.App.Aprobacion.csproj", "{8F743231-1C08-44CF-897A-02ACAD4CDD69}"
EndProject
Global
	GlobalSection(SolutionConfigurationPlatforms) = preSolution
		Ad-Hoc|Any CPU = Ad-Hoc|Any CPU
		Ad-Hoc|ARM = Ad-Hoc|ARM
		Ad-Hoc|iPhone = Ad-Hoc|iPhone
		Ad-Hoc|iPhoneSimulator = Ad-Hoc|iPhoneSimulator
		Ad-Hoc|x64 = Ad-Hoc|x64
		Ad-Hoc|x86 = Ad-Hoc|x86
		AppStore|Any CPU = AppStore|Any CPU
		AppStore|ARM = AppStore|ARM
		AppStore|iPhone = AppStore|iPhone
		AppStore|iPhoneSimulator = AppStore|iPhoneSimulator
		AppStore|x64 = AppStore|x64
		AppStore|x86 = AppStore|x86
		Debug|Any CPU = Debug|Any CPU
		Debug|ARM = Debug|ARM
		Debug|iPhone = Debug|iPhone
		Debug|iPhoneSimulator = Debug|iPhoneSimulator
		Debug|x64 = Debug|x64
		Debug|x86 = Debug|x86
		Release|Any CPU = Release|Any CPU
		Release|ARM = Release|ARM
		Release|iPhone = Release|iPhone
		Release|iPhoneSimulator = Release|iPhoneSimulator
		Release|x64 = Release|x64
		Release|x86 = Release|x86
	EndGlobalSection
	GlobalSection(ProjectConfigurationPlatforms) = postSolution
		{AE0109C9-C4FA-43CB-BDF1-593573075919}.Ad-Hoc|Any CPU.ActiveCfg = Release|Any CPU
		{AE0109C9-C4FA-43CB-BDF1-593573075919}.Ad-Hoc|Any CPU.Build.0 = Release|Any CPU
		{AE0109C9-C4FA-43CB-BDF1-593573075919}.Ad-Hoc|Any CPU.Deploy.0 = Release|Any CPU
		{AE0109C9-C4FA-43CB-BDF1-593573075919}.Ad-Hoc|ARM.ActiveCfg = Release|Any CPU
		{AE0109C9-C4FA-43CB-BDF1-593573075919}.Ad-Hoc|ARM.Build.0 = Release|Any CPU
		{AE0109C9-C4FA-43CB-BDF1-593573075919}.Ad-Hoc|ARM.Deploy.0 = Release|Any CPU
		{AE0109C9-C4FA-43CB-BDF1-593573075919}.Ad-Hoc|iPhone.ActiveCfg = Release|Any CPU
		{AE0109C9-C4FA-43CB-BDF1-593573075919}.Ad-Hoc|iPhone.Build.0 = Release|Any CPU
		{AE0109C9-C4FA-43CB-BDF1-593573075919}.Ad-Hoc|iPhone.Deploy.0 = Release|Any CPU
		{AE0109C9-C4FA-43CB-BDF1-593573075919}.Ad-Hoc|iPhoneSimulator.ActiveCfg = Release|Any CPU
		{AE0109C9-C4FA-43CB-BDF1-593573075919}.Ad-Hoc|iPhoneSimulator.Build.0 = Release|Any CPU
		{AE0109C9-C4FA-43CB-BDF1-593573075919}.Ad-Hoc|iPhoneSimulator.Deploy.0 = Release|Any CPU
		{AE0109C9-C4FA-43CB-BDF1-593573075919}.Ad-Hoc|x64.ActiveCfg = Release|Any CPU
		{AE0109C9-C4FA-43CB-BDF1-593573075919}.Ad-Hoc|x64.Build.0 = Release|Any CPU
		{AE0109C9-C4FA-43CB-BDF1-593573075919}.Ad-Hoc|x64.Deploy.0 = Release|Any CPU
		{AE0109C9-C4FA-43CB-BDF1-593573075919}.Ad-Hoc|x86.ActiveCfg = Release|Any CPU
		{AE0109C9-C4FA-43CB-BDF1-593573075919}.Ad-Hoc|x86.Build.0 = Release|Any CPU
		{AE0109C9-C4FA-43CB-BDF1-593573075919}.Ad-Hoc|x86.Deploy.0 = Release|Any CPU
		{AE0109C9-C4FA-43CB-BDF1-593573075919}.AppStore|Any CPU.ActiveCfg = Release|Any CPU
		{AE0109C9-C4FA-43CB-BDF1-593573075919}.AppStore|Any CPU.Build.0 = Release|Any CPU
		{AE0109C9-C4FA-43CB-BDF1-593573075919}.AppStore|Any CPU.Deploy.0 = Release|Any CPU
		{AE0109C9-C4FA-43CB-BDF1-593573075919}.AppStore|ARM.ActiveCfg = Release|Any CPU
		{AE0109C9-C4FA-43CB-BDF1-593573075919}.AppStore|ARM.Build.0 = Release|Any CPU
		{AE0109C9-C4FA-43CB-BDF1-593573075919}.AppStore|ARM.Deploy.0 = Release|Any CPU
		{AE0109C9-C4FA-43CB-BDF1-593573075919}.AppStore|iPhone.ActiveCfg = Release|Any CPU
		{AE0109C9-C4FA-43CB-BDF1-593573075919}.AppStore|iPhone.Build.0 = Release|Any CPU
		{AE0109C9-C4FA-43CB-BDF1-593573075919}.AppStore|iPhone.Deploy.0 = Release|Any CPU
		{AE0109C9-C4FA-43CB-BDF1-593573075919}.AppStore|iPhoneSimulator.ActiveCfg = Release|Any CPU
		{AE0109C9-C4FA-43CB-BDF1-593573075919}.AppStore|iPhoneSimulator.Build.0 = Release|Any CPU
		{AE0109C9-C4FA-43CB-BDF1-593573075919}.AppStore|iPhoneSimulator.Deploy.0 = Release|Any CPU
		{AE0109C9-C4FA-43CB-BDF1-593573075919}.AppStore|x64.ActiveCfg = Release|Any CPU
		{AE0109C9-C4FA-43CB-BDF1-593573075919}.AppStore|x64.Build.0 = Release|Any CPU
		{AE0109C9-C4FA-43CB-BDF1-593573075919}.AppStore|x64.Deploy.0 = Release|Any CPU
		{AE0109C9-C4FA-43CB-BDF1-593573075919}.AppStore|x86.ActiveCfg = Release|Any CPU
		{AE0109C9-C4FA-43CB-BDF1-593573075919}.AppStore|x86.Build.0 = Release|Any CPU
		{AE0109C9-C4FA-43CB-BDF1-593573075919}.AppStore|x86.Deploy.0 = Release|Any CPU
		{AE0109C9-C4FA-43CB-BDF1-593573075919}.Debug|Any CPU.ActiveCfg = Debug|Any CPU
		{AE0109C9-C4FA-43CB-BDF1-593573075919}.Debug|Any CPU.Build.0 = Debug|Any CPU
		{AE0109C9-C4FA-43CB-BDF1-593573075919}.Debug|Any CPU.Deploy.0 = Debug|Any CPU
		{AE0109C9-C4FA-43CB-BDF1-593573075919}.Debug|ARM.ActiveCfg = Debug|Any CPU
		{AE0109C9-C4FA-43CB-BDF1-593573075919}.Debug|ARM.Build.0 = Debug|Any CPU
		{AE0109C9-C4FA-43CB-BDF1-593573075919}.Debug|ARM.Deploy.0 = Debug|Any CPU
		{AE0109C9-C4FA-43CB-BDF1-593573075919}.Debug|iPhone.ActiveCfg = Debug|Any CPU
		{AE0109C9-C4FA-43CB-BDF1-593573075919}.Debug|iPhone.Build.0 = Debug|Any CPU
		{AE0109C9-C4FA-43CB-BDF1-593573075919}.Debug|iPhone.Deploy.0 = Debug|Any CPU
		{AE0109C9-C4FA-43CB-BDF1-593573075919}.Debug|iPhoneSimulator.ActiveCfg = Debug|Any CPU
		{AE0109C9-C4FA-43CB-BDF1-593573075919}.Debug|iPhoneSimulator.Build.0 = Debug|Any CPU
		{AE0109C9-C4FA-43CB-BDF1-593573075919}.Debug|iPhoneSimulator.Deploy.0 = Debug|Any CPU
		{AE0109C9-C4FA-43CB-BDF1-593573075919}.Debug|x64.ActiveCfg = Debug|Any CPU
		{AE0109C9-C4FA-43CB-BDF1-593573075919}.Debug|x64.Build.0 = Debug|Any CPU
		{AE0109C9-C4FA-43CB-BDF1-593573075919}.Debug|x64.Deploy.0 = Debug|Any CPU
		{AE0109C9-C4FA-43CB-BDF1-593573075919}.Debug|x86.ActiveCfg = Debug|Any CPU
		{AE0109C9-C4FA-43CB-BDF1-593573075919}.Debug|x86.Build.0 = Debug|Any CPU
		{AE0109C9-C4FA-43CB-BDF1-593573075919}.Debug|x86.Deploy.0 = Debug|Any CPU
		{AE0109C9-C4FA-43CB-BDF1-593573075919}.Release|Any CPU.ActiveCfg = Release|Any CPU
		{AE0109C9-C4FA-43CB-BDF1-593573075919}.Release|Any CPU.Build.0 = Release|Any CPU
		{AE0109C9-C4FA-43CB-BDF1-593573075919}.Release|Any CPU.Deploy.0 = Release|Any CPU
		{AE0109C9-C4FA-43CB-BDF1-593573075919}.Release|ARM.ActiveCfg = Release|Any CPU
		{AE0109C9-C4FA-43CB-BDF1-593573075919}.Release|ARM.Build.0 = Release|Any CPU
		{AE0109C9-C4FA-43CB-BDF1-593573075919}.Release|ARM.Deploy.0 = Release|Any CPU
		{AE0109C9-C4FA-43CB-BDF1-593573075919}.Release|iPhone.ActiveCfg = Release|Any CPU
		{AE0109C9-C4FA-43CB-BDF1-593573075919}.Release|iPhone.Build.0 = Release|Any CPU
		{AE0109C9-C4FA-43CB-BDF1-593573075919}.Release|iPhone.Deploy.0 = Release|Any CPU
		{AE0109C9-C4FA-43CB-BDF1-593573075919}.Release|iPhoneSimulator.ActiveCfg = Release|Any CPU
		{AE0109C9-C4FA-43CB-BDF1-593573075919}.Release|iPhoneSimulator.Build.0 = Release|Any CPU
		{AE0109C9-C4FA-43CB-BDF1-593573075919}.Release|iPhoneSimulator.Deploy.0 = Release|Any CPU
		{AE0109C9-C4FA-43CB-BDF1-593573075919}.Release|x64.ActiveCfg = Release|Any CPU
		{AE0109C9-C4FA-43CB-BDF1-593573075919}.Release|x64.Build.0 = Release|Any CPU
		{AE0109C9-C4FA-43CB-BDF1-593573075919}.Release|x64.Deploy.0 = Release|Any CPU
		{AE0109C9-C4FA-43CB-BDF1-593573075919}.Release|x86.ActiveCfg = Release|Any CPU
		{AE0109C9-C4FA-43CB-BDF1-593573075919}.Release|x86.Build.0 = Release|Any CPU
		{AE0109C9-C4FA-43CB-BDF1-593573075919}.Release|x86.Deploy.0 = Release|Any CPU
		{B93503CD-9234-4ACF-BEEE-DF9D61B4B835}.Ad-Hoc|Any CPU.ActiveCfg = Ad-Hoc|iPhone
		{B93503CD-9234-4ACF-BEEE-DF9D61B4B835}.Ad-Hoc|Any CPU.Build.0 = Ad-Hoc|iPhone
		{B93503CD-9234-4ACF-BEEE-DF9D61B4B835}.Ad-Hoc|Any CPU.Deploy.0 = Ad-Hoc|iPhone
		{B93503CD-9234-4ACF-BEEE-DF9D61B4B835}.Ad-Hoc|ARM.ActiveCfg = Ad-Hoc|iPhone
		{B93503CD-9234-4ACF-BEEE-DF9D61B4B835}.Ad-Hoc|ARM.Build.0 = Ad-Hoc|iPhone
		{B93503CD-9234-4ACF-BEEE-DF9D61B4B835}.Ad-Hoc|ARM.Deploy.0 = Ad-Hoc|iPhone
		{B93503CD-9234-4ACF-BEEE-DF9D61B4B835}.Ad-Hoc|iPhone.ActiveCfg = Ad-Hoc|iPhone
		{B93503CD-9234-4ACF-BEEE-DF9D61B4B835}.Ad-Hoc|iPhone.Build.0 = Ad-Hoc|iPhone
		{B93503CD-9234-4ACF-BEEE-DF9D61B4B835}.Ad-Hoc|iPhone.Deploy.0 = Ad-Hoc|iPhone
		{B93503CD-9234-4ACF-BEEE-DF9D61B4B835}.Ad-Hoc|iPhoneSimulator.ActiveCfg = Ad-Hoc|iPhoneSimulator
		{B93503CD-9234-4ACF-BEEE-DF9D61B4B835}.Ad-Hoc|iPhoneSimulator.Build.0 = Ad-Hoc|iPhoneSimulator
		{B93503CD-9234-4ACF-BEEE-DF9D61B4B835}.Ad-Hoc|iPhoneSimulator.Deploy.0 = Ad-Hoc|iPhoneSimulator
		{B93503CD-9234-4ACF-BEEE-DF9D61B4B835}.Ad-Hoc|x64.ActiveCfg = Ad-Hoc|iPhone
		{B93503CD-9234-4ACF-BEEE-DF9D61B4B835}.Ad-Hoc|x64.Build.0 = Ad-Hoc|iPhone
		{B93503CD-9234-4ACF-BEEE-DF9D61B4B835}.Ad-Hoc|x64.Deploy.0 = Ad-Hoc|iPhone
		{B93503CD-9234-4ACF-BEEE-DF9D61B4B835}.Ad-Hoc|x86.ActiveCfg = Ad-Hoc|iPhone
		{B93503CD-9234-4ACF-BEEE-DF9D61B4B835}.Ad-Hoc|x86.Build.0 = Ad-Hoc|iPhone
		{B93503CD-9234-4ACF-BEEE-DF9D61B4B835}.Ad-Hoc|x86.Deploy.0 = Ad-Hoc|iPhone
		{B93503CD-9234-4ACF-BEEE-DF9D61B4B835}.AppStore|Any CPU.ActiveCfg = AppStore|iPhone
		{B93503CD-9234-4ACF-BEEE-DF9D61B4B835}.AppStore|Any CPU.Build.0 = AppStore|iPhone
		{B93503CD-9234-4ACF-BEEE-DF9D61B4B835}.AppStore|Any CPU.Deploy.0 = AppStore|iPhone
		{B93503CD-9234-4ACF-BEEE-DF9D61B4B835}.AppStore|ARM.ActiveCfg = AppStore|iPhone
		{B93503CD-9234-4ACF-BEEE-DF9D61B4B835}.AppStore|ARM.Build.0 = AppStore|iPhone
		{B93503CD-9234-4ACF-BEEE-DF9D61B4B835}.AppStore|ARM.Deploy.0 = AppStore|iPhone
		{B93503CD-9234-4ACF-BEEE-DF9D61B4B835}.AppStore|iPhone.ActiveCfg = AppStore|iPhone
		{B93503CD-9234-4ACF-BEEE-DF9D61B4B835}.AppStore|iPhone.Build.0 = AppStore|iPhone
		{B93503CD-9234-4ACF-BEEE-DF9D61B4B835}.AppStore|iPhone.Deploy.0 = AppStore|iPhone
		{B93503CD-9234-4ACF-BEEE-DF9D61B4B835}.AppStore|iPhoneSimulator.ActiveCfg = AppStore|iPhoneSimulator
		{B93503CD-9234-4ACF-BEEE-DF9D61B4B835}.AppStore|iPhoneSimulator.Build.0 = AppStore|iPhoneSimulator
		{B93503CD-9234-4ACF-BEEE-DF9D61B4B835}.AppStore|iPhoneSimulator.Deploy.0 = AppStore|iPhoneSimulator
		{B93503CD-9234-4ACF-BEEE-DF9D61B4B835}.AppStore|x64.ActiveCfg = AppStore|iPhone
		{B93503CD-9234-4ACF-BEEE-DF9D61B4B835}.AppStore|x64.Build.0 = AppStore|iPhone
		{B93503CD-9234-4ACF-BEEE-DF9D61B4B835}.AppStore|x64.Deploy.0 = AppStore|iPhone
		{B93503CD-9234-4ACF-BEEE-DF9D61B4B835}.AppStore|x86.ActiveCfg = AppStore|iPhone
		{B93503CD-9234-4ACF-BEEE-DF9D61B4B835}.AppStore|x86.Build.0 = AppStore|iPhone
		{B93503CD-9234-4ACF-BEEE-DF9D61B4B835}.AppStore|x86.Deploy.0 = AppStore|iPhone
		{B93503CD-9234-4ACF-BEEE-DF9D61B4B835}.Debug|Any CPU.ActiveCfg = Debug|iPhoneSimulator
		{B93503CD-9234-4ACF-BEEE-DF9D61B4B835}.Debug|Any CPU.Build.0 = Debug|iPhoneSimulator
		{B93503CD-9234-4ACF-BEEE-DF9D61B4B835}.Debug|Any CPU.Deploy.0 = Debug|iPhoneSimulator
		{B93503CD-9234-4ACF-BEEE-DF9D61B4B835}.Debug|ARM.ActiveCfg = Debug|iPhone
		{B93503CD-9234-4ACF-BEEE-DF9D61B4B835}.Debug|ARM.Build.0 = Debug|iPhone
		{B93503CD-9234-4ACF-BEEE-DF9D61B4B835}.Debug|ARM.Deploy.0 = Debug|iPhone
		{B93503CD-9234-4ACF-BEEE-DF9D61B4B835}.Debug|iPhone.ActiveCfg = Debug|iPhone
		{B93503CD-9234-4ACF-BEEE-DF9D61B4B835}.Debug|iPhone.Build.0 = Debug|iPhone
		{B93503CD-9234-4ACF-BEEE-DF9D61B4B835}.Debug|iPhone.Deploy.0 = Debug|iPhone
		{B93503CD-9234-4ACF-BEEE-DF9D61B4B835}.Debug|iPhoneSimulator.ActiveCfg = Debug|iPhoneSimulator
		{B93503CD-9234-4ACF-BEEE-DF9D61B4B835}.Debug|iPhoneSimulator.Build.0 = Debug|iPhoneSimulator
		{B93503CD-9234-4ACF-BEEE-DF9D61B4B835}.Debug|iPhoneSimulator.Deploy.0 = Debug|iPhoneSimulator
		{B93503CD-9234-4ACF-BEEE-DF9D61B4B835}.Debug|x64.ActiveCfg = Debug|iPhone
		{B93503CD-9234-4ACF-BEEE-DF9D61B4B835}.Debug|x64.Build.0 = Debug|iPhone
		{B93503CD-9234-4ACF-BEEE-DF9D61B4B835}.Debug|x64.Deploy.0 = Debug|iPhone
		{B93503CD-9234-4ACF-BEEE-DF9D61B4B835}.Debug|x86.ActiveCfg = Debug|iPhone
		{B93503CD-9234-4ACF-BEEE-DF9D61B4B835}.Debug|x86.Build.0 = Debug|iPhone
		{B93503CD-9234-4ACF-BEEE-DF9D61B4B835}.Debug|x86.Deploy.0 = Debug|iPhone
		{B93503CD-9234-4ACF-BEEE-DF9D61B4B835}.Release|Any CPU.ActiveCfg = Release|iPhone
		{B93503CD-9234-4ACF-BEEE-DF9D61B4B835}.Release|Any CPU.Build.0 = Release|iPhone
		{B93503CD-9234-4ACF-BEEE-DF9D61B4B835}.Release|Any CPU.Deploy.0 = Release|iPhone
		{B93503CD-9234-4ACF-BEEE-DF9D61B4B835}.Release|ARM.ActiveCfg = Release|iPhone
		{B93503CD-9234-4ACF-BEEE-DF9D61B4B835}.Release|ARM.Build.0 = Release|iPhone
		{B93503CD-9234-4ACF-BEEE-DF9D61B4B835}.Release|ARM.Deploy.0 = Release|iPhone
		{B93503CD-9234-4ACF-BEEE-DF9D61B4B835}.Release|iPhone.ActiveCfg = Release|iPhone
		{B93503CD-9234-4ACF-BEEE-DF9D61B4B835}.Release|iPhone.Build.0 = Release|iPhone
		{B93503CD-9234-4ACF-BEEE-DF9D61B4B835}.Release|iPhone.Deploy.0 = Release|iPhone
		{B93503CD-9234-4ACF-BEEE-DF9D61B4B835}.Release|iPhoneSimulator.ActiveCfg = Release|iPhoneSimulator
		{B93503CD-9234-4ACF-BEEE-DF9D61B4B835}.Release|iPhoneSimulator.Build.0 = Release|iPhoneSimulator
		{B93503CD-9234-4ACF-BEEE-DF9D61B4B835}.Release|iPhoneSimulator.Deploy.0 = Release|iPhoneSimulator
		{B93503CD-9234-4ACF-BEEE-DF9D61B4B835}.Release|x64.ActiveCfg = Release|iPhone
		{B93503CD-9234-4ACF-BEEE-DF9D61B4B835}.Release|x64.Build.0 = Release|iPhone
		{B93503CD-9234-4ACF-BEEE-DF9D61B4B835}.Release|x64.Deploy.0 = Release|iPhone
		{B93503CD-9234-4ACF-BEEE-DF9D61B4B835}.Release|x86.ActiveCfg = Release|iPhone
		{B93503CD-9234-4ACF-BEEE-DF9D61B4B835}.Release|x86.Build.0 = Release|iPhone
		{B93503CD-9234-4ACF-BEEE-DF9D61B4B835}.Release|x86.Deploy.0 = Release|iPhone
		{AC7EF6CE-4B76-4BD9-B1D8-27EECD9DCF85}.Ad-Hoc|Any CPU.ActiveCfg = Release|x86
		{AC7EF6CE-4B76-4BD9-B1D8-27EECD9DCF85}.Ad-Hoc|Any CPU.Build.0 = Release|x86
		{AC7EF6CE-4B76-4BD9-B1D8-27EECD9DCF85}.Ad-Hoc|Any CPU.Deploy.0 = Release|x86
		{AC7EF6CE-4B76-4BD9-B1D8-27EECD9DCF85}.Ad-Hoc|ARM.ActiveCfg = Release|ARM
		{AC7EF6CE-4B76-4BD9-B1D8-27EECD9DCF85}.Ad-Hoc|ARM.Build.0 = Release|ARM
		{AC7EF6CE-4B76-4BD9-B1D8-27EECD9DCF85}.Ad-Hoc|ARM.Deploy.0 = Release|ARM
		{AC7EF6CE-4B76-4BD9-B1D8-27EECD9DCF85}.Ad-Hoc|iPhone.ActiveCfg = Release|x86
		{AC7EF6CE-4B76-4BD9-B1D8-27EECD9DCF85}.Ad-Hoc|iPhone.Build.0 = Release|x86
		{AC7EF6CE-4B76-4BD9-B1D8-27EECD9DCF85}.Ad-Hoc|iPhone.Deploy.0 = Release|x86
		{AC7EF6CE-4B76-4BD9-B1D8-27EECD9DCF85}.Ad-Hoc|iPhoneSimulator.ActiveCfg = Release|x86
		{AC7EF6CE-4B76-4BD9-B1D8-27EECD9DCF85}.Ad-Hoc|iPhoneSimulator.Build.0 = Release|x86
		{AC7EF6CE-4B76-4BD9-B1D8-27EECD9DCF85}.Ad-Hoc|iPhoneSimulator.Deploy.0 = Release|x86
		{AC7EF6CE-4B76-4BD9-B1D8-27EECD9DCF85}.Ad-Hoc|x64.ActiveCfg = Release|x64
		{AC7EF6CE-4B76-4BD9-B1D8-27EECD9DCF85}.Ad-Hoc|x64.Build.0 = Release|x64
		{AC7EF6CE-4B76-4BD9-B1D8-27EECD9DCF85}.Ad-Hoc|x64.Deploy.0 = Release|x64
		{AC7EF6CE-4B76-4BD9-B1D8-27EECD9DCF85}.Ad-Hoc|x86.ActiveCfg = Release|x86
		{AC7EF6CE-4B76-4BD9-B1D8-27EECD9DCF85}.Ad-Hoc|x86.Build.0 = Release|x86
		{AC7EF6CE-4B76-4BD9-B1D8-27EECD9DCF85}.Ad-Hoc|x86.Deploy.0 = Release|x86
		{AC7EF6CE-4B76-4BD9-B1D8-27EECD9DCF85}.AppStore|Any CPU.ActiveCfg = Release|x86
		{AC7EF6CE-4B76-4BD9-B1D8-27EECD9DCF85}.AppStore|Any CPU.Build.0 = Release|x86
		{AC7EF6CE-4B76-4BD9-B1D8-27EECD9DCF85}.AppStore|Any CPU.Deploy.0 = Release|x86
		{AC7EF6CE-4B76-4BD9-B1D8-27EECD9DCF85}.AppStore|ARM.ActiveCfg = Release|ARM
		{AC7EF6CE-4B76-4BD9-B1D8-27EECD9DCF85}.AppStore|ARM.Build.0 = Release|ARM
		{AC7EF6CE-4B76-4BD9-B1D8-27EECD9DCF85}.AppStore|ARM.Deploy.0 = Release|ARM
		{AC7EF6CE-4B76-4BD9-B1D8-27EECD9DCF85}.AppStore|iPhone.ActiveCfg = Release|x86
		{AC7EF6CE-4B76-4BD9-B1D8-27EECD9DCF85}.AppStore|iPhone.Build.0 = Release|x86
		{AC7EF6CE-4B76-4BD9-B1D8-27EECD9DCF85}.AppStore|iPhone.Deploy.0 = Release|x86
		{AC7EF6CE-4B76-4BD9-B1D8-27EECD9DCF85}.AppStore|iPhoneSimulator.ActiveCfg = Release|x86
		{AC7EF6CE-4B76-4BD9-B1D8-27EECD9DCF85}.AppStore|iPhoneSimulator.Build.0 = Release|x86
		{AC7EF6CE-4B76-4BD9-B1D8-27EECD9DCF85}.AppStore|iPhoneSimulator.Deploy.0 = Release|x86
		{AC7EF6CE-4B76-4BD9-B1D8-27EECD9DCF85}.AppStore|x64.ActiveCfg = Release|x64
		{AC7EF6CE-4B76-4BD9-B1D8-27EECD9DCF85}.AppStore|x64.Build.0 = Release|x64
		{AC7EF6CE-4B76-4BD9-B1D8-27EECD9DCF85}.AppStore|x64.Deploy.0 = Release|x64
		{AC7EF6CE-4B76-4BD9-B1D8-27EECD9DCF85}.AppStore|x86.ActiveCfg = Release|x86
		{AC7EF6CE-4B76-4BD9-B1D8-27EECD9DCF85}.AppStore|x86.Build.0 = Release|x86
		{AC7EF6CE-4B76-4BD9-B1D8-27EECD9DCF85}.AppStore|x86.Deploy.0 = Release|x86
		{AC7EF6CE-4B76-4BD9-B1D8-27EECD9DCF85}.Debug|Any CPU.ActiveCfg = Debug|x86
		{AC7EF6CE-4B76-4BD9-B1D8-27EECD9DCF85}.Debug|Any CPU.Build.0 = Debug|x86
		{AC7EF6CE-4B76-4BD9-B1D8-27EECD9DCF85}.Debug|Any CPU.Deploy.0 = Debug|x86
		{AC7EF6CE-4B76-4BD9-B1D8-27EECD9DCF85}.Debug|ARM.ActiveCfg = Debug|ARM
		{AC7EF6CE-4B76-4BD9-B1D8-27EECD9DCF85}.Debug|ARM.Build.0 = Debug|ARM
		{AC7EF6CE-4B76-4BD9-B1D8-27EECD9DCF85}.Debug|ARM.Deploy.0 = Debug|ARM
		{AC7EF6CE-4B76-4BD9-B1D8-27EECD9DCF85}.Debug|iPhone.ActiveCfg = Debug|x86
		{AC7EF6CE-4B76-4BD9-B1D8-27EECD9DCF85}.Debug|iPhone.Build.0 = Debug|x86
		{AC7EF6CE-4B76-4BD9-B1D8-27EECD9DCF85}.Debug|iPhone.Deploy.0 = Debug|x86
		{AC7EF6CE-4B76-4BD9-B1D8-27EECD9DCF85}.Debug|iPhoneSimulator.ActiveCfg = Debug|x86
		{AC7EF6CE-4B76-4BD9-B1D8-27EECD9DCF85}.Debug|iPhoneSimulator.Build.0 = Debug|x86
		{AC7EF6CE-4B76-4BD9-B1D8-27EECD9DCF85}.Debug|iPhoneSimulator.Deploy.0 = Debug|x86
		{AC7EF6CE-4B76-4BD9-B1D8-27EECD9DCF85}.Debug|x64.ActiveCfg = Debug|x64
		{AC7EF6CE-4B76-4BD9-B1D8-27EECD9DCF85}.Debug|x64.Build.0 = Debug|x64
		{AC7EF6CE-4B76-4BD9-B1D8-27EECD9DCF85}.Debug|x64.Deploy.0 = Debug|x64
		{AC7EF6CE-4B76-4BD9-B1D8-27EECD9DCF85}.Debug|x86.ActiveCfg = Debug|x86
		{AC7EF6CE-4B76-4BD9-B1D8-27EECD9DCF85}.Debug|x86.Build.0 = Debug|x86
		{AC7EF6CE-4B76-4BD9-B1D8-27EECD9DCF85}.Debug|x86.Deploy.0 = Debug|x86
		{AC7EF6CE-4B76-4BD9-B1D8-27EECD9DCF85}.Release|Any CPU.ActiveCfg = Release|x86
		{AC7EF6CE-4B76-4BD9-B1D8-27EECD9DCF85}.Release|Any CPU.Build.0 = Release|x86
		{AC7EF6CE-4B76-4BD9-B1D8-27EECD9DCF85}.Release|Any CPU.Deploy.0 = Release|x86
		{AC7EF6CE-4B76-4BD9-B1D8-27EECD9DCF85}.Release|ARM.ActiveCfg = Release|ARM
		{AC7EF6CE-4B76-4BD9-B1D8-27EECD9DCF85}.Release|ARM.Build.0 = Release|ARM
		{AC7EF6CE-4B76-4BD9-B1D8-27EECD9DCF85}.Release|ARM.Deploy.0 = Release|ARM
		{AC7EF6CE-4B76-4BD9-B1D8-27EECD9DCF85}.Release|iPhone.ActiveCfg = Release|x86
		{AC7EF6CE-4B76-4BD9-B1D8-27EECD9DCF85}.Release|iPhone.Build.0 = Release|x86
		{AC7EF6CE-4B76-4BD9-B1D8-27EECD9DCF85}.Release|iPhone.Deploy.0 = Release|x86
		{AC7EF6CE-4B76-4BD9-B1D8-27EECD9DCF85}.Release|iPhoneSimulator.ActiveCfg = Release|x86
		{AC7EF6CE-4B76-4BD9-B1D8-27EECD9DCF85}.Release|iPhoneSimulator.Build.0 = Release|x86
		{AC7EF6CE-4B76-4BD9-B1D8-27EECD9DCF85}.Release|iPhoneSimulator.Deploy.0 = Release|x86
		{AC7EF6CE-4B76-4BD9-B1D8-27EECD9DCF85}.Release|x64.ActiveCfg = Release|x64
		{AC7EF6CE-4B76-4BD9-B1D8-27EECD9DCF85}.Release|x64.Build.0 = Release|x64
		{AC7EF6CE-4B76-4BD9-B1D8-27EECD9DCF85}.Release|x64.Deploy.0 = Release|x64
		{AC7EF6CE-4B76-4BD9-B1D8-27EECD9DCF85}.Release|x86.ActiveCfg = Release|x86
		{AC7EF6CE-4B76-4BD9-B1D8-27EECD9DCF85}.Release|x86.Build.0 = Release|x86
		{AC7EF6CE-4B76-4BD9-B1D8-27EECD9DCF85}.Release|x86.Deploy.0 = Release|x86
		{8F743231-1C08-44CF-897A-02ACAD4CDD69}.Ad-Hoc|Any CPU.ActiveCfg = Debug|Any CPU
		{8F743231-1C08-44CF-897A-02ACAD4CDD69}.Ad-Hoc|Any CPU.Build.0 = Debug|Any CPU
		{8F743231-1C08-44CF-897A-02ACAD4CDD69}.Ad-Hoc|Any CPU.Deploy.0 = Debug|Any CPU
		{8F743231-1C08-44CF-897A-02ACAD4CDD69}.Ad-Hoc|ARM.ActiveCfg = Debug|Any CPU
		{8F743231-1C08-44CF-897A-02ACAD4CDD69}.Ad-Hoc|ARM.Build.0 = Debug|Any CPU
		{8F743231-1C08-44CF-897A-02ACAD4CDD69}.Ad-Hoc|ARM.Deploy.0 = Debug|Any CPU
		{8F743231-1C08-44CF-897A-02ACAD4CDD69}.Ad-Hoc|iPhone.ActiveCfg = Debug|Any CPU
		{8F743231-1C08-44CF-897A-02ACAD4CDD69}.Ad-Hoc|iPhone.Build.0 = Debug|Any CPU
		{8F743231-1C08-44CF-897A-02ACAD4CDD69}.Ad-Hoc|iPhone.Deploy.0 = Debug|Any CPU
		{8F743231-1C08-44CF-897A-02ACAD4CDD69}.Ad-Hoc|iPhoneSimulator.ActiveCfg = Debug|Any CPU
		{8F743231-1C08-44CF-897A-02ACAD4CDD69}.Ad-Hoc|iPhoneSimulator.Build.0 = Debug|Any CPU
		{8F743231-1C08-44CF-897A-02ACAD4CDD69}.Ad-Hoc|iPhoneSimulator.Deploy.0 = Debug|Any CPU
		{8F743231-1C08-44CF-897A-02ACAD4CDD69}.Ad-Hoc|x64.ActiveCfg = Debug|Any CPU
		{8F743231-1C08-44CF-897A-02ACAD4CDD69}.Ad-Hoc|x64.Build.0 = Debug|Any CPU
		{8F743231-1C08-44CF-897A-02ACAD4CDD69}.Ad-Hoc|x64.Deploy.0 = Debug|Any CPU
		{8F743231-1C08-44CF-897A-02ACAD4CDD69}.Ad-Hoc|x86.ActiveCfg = Debug|Any CPU
		{8F743231-1C08-44CF-897A-02ACAD4CDD69}.Ad-Hoc|x86.Build.0 = Debug|Any CPU
		{8F743231-1C08-44CF-897A-02ACAD4CDD69}.Ad-Hoc|x86.Deploy.0 = Debug|Any CPU
		{8F743231-1C08-44CF-897A-02ACAD4CDD69}.AppStore|Any CPU.ActiveCfg = Debug|Any CPU
		{8F743231-1C08-44CF-897A-02ACAD4CDD69}.AppStore|Any CPU.Build.0 = Debug|Any CPU
		{8F743231-1C08-44CF-897A-02ACAD4CDD69}.AppStore|Any CPU.Deploy.0 = Debug|Any CPU
		{8F743231-1C08-44CF-897A-02ACAD4CDD69}.AppStore|ARM.ActiveCfg = Debug|Any CPU
		{8F743231-1C08-44CF-897A-02ACAD4CDD69}.AppStore|ARM.Build.0 = Debug|Any CPU
		{8F743231-1C08-44CF-897A-02ACAD4CDD69}.AppStore|ARM.Deploy.0 = Debug|Any CPU
		{8F743231-1C08-44CF-897A-02ACAD4CDD69}.AppStore|iPhone.ActiveCfg = Debug|Any CPU
		{8F743231-1C08-44CF-897A-02ACAD4CDD69}.AppStore|iPhone.Build.0 = Debug|Any CPU
		{8F743231-1C08-44CF-897A-02ACAD4CDD69}.AppStore|iPhone.Deploy.0 = Debug|Any CPU
		{8F743231-1C08-44CF-897A-02ACAD4CDD69}.AppStore|iPhoneSimulator.ActiveCfg = Debug|Any CPU
		{8F743231-1C08-44CF-897A-02ACAD4CDD69}.AppStore|iPhoneSimulator.Build.0 = Debug|Any CPU
		{8F743231-1C08-44CF-897A-02ACAD4CDD69}.AppStore|iPhoneSimulator.Deploy.0 = Debug|Any CPU
		{8F743231-1C08-44CF-897A-02ACAD4CDD69}.AppStore|x64.ActiveCfg = Debug|Any CPU
		{8F743231-1C08-44CF-897A-02ACAD4CDD69}.AppStore|x64.Build.0 = Debug|Any CPU
		{8F743231-1C08-44CF-897A-02ACAD4CDD69}.AppStore|x64.Deploy.0 = Debug|Any CPU
		{8F743231-1C08-44CF-897A-02ACAD4CDD69}.AppStore|x86.ActiveCfg = Debug|Any CPU
		{8F743231-1C08-44CF-897A-02ACAD4CDD69}.AppStore|x86.Build.0 = Debug|Any CPU
		{8F743231-1C08-44CF-897A-02ACAD4CDD69}.AppStore|x86.Deploy.0 = Debug|Any CPU
		{8F743231-1C08-44CF-897A-02ACAD4CDD69}.Debug|Any CPU.ActiveCfg = Debug|Any CPU
		{8F743231-1C08-44CF-897A-02ACAD4CDD69}.Debug|Any CPU.Build.0 = Debug|Any CPU
		{8F743231-1C08-44CF-897A-02ACAD4CDD69}.Debug|Any CPU.Deploy.0 = Debug|Any CPU
		{8F743231-1C08-44CF-897A-02ACAD4CDD69}.Debug|ARM.ActiveCfg = Debug|Any CPU
		{8F743231-1C08-44CF-897A-02ACAD4CDD69}.Debug|ARM.Build.0 = Debug|Any CPU
		{8F743231-1C08-44CF-897A-02ACAD4CDD69}.Debug|ARM.Deploy.0 = Debug|Any CPU
		{8F743231-1C08-44CF-897A-02ACAD4CDD69}.Debug|iPhone.ActiveCfg = Debug|Any CPU
		{8F743231-1C08-44CF-897A-02ACAD4CDD69}.Debug|iPhone.Build.0 = Debug|Any CPU
		{8F743231-1C08-44CF-897A-02ACAD4CDD69}.Debug|iPhone.Deploy.0 = Debug|Any CPU
		{8F743231-1C08-44CF-897A-02ACAD4CDD69}.Debug|iPhoneSimulator.ActiveCfg = Debug|Any CPU
		{8F743231-1C08-44CF-897A-02ACAD4CDD69}.Debug|iPhoneSimulator.Build.0 = Debug|Any CPU
		{8F743231-1C08-44CF-897A-02ACAD4CDD69}.Debug|iPhoneSimulator.Deploy.0 = Debug|Any CPU
		{8F743231-1C08-44CF-897A-02ACAD4CDD69}.Debug|x64.ActiveCfg = Debug|Any CPU
		{8F743231-1C08-44CF-897A-02ACAD4CDD69}.Debug|x64.Build.0 = Debug|Any CPU
		{8F743231-1C08-44CF-897A-02ACAD4CDD69}.Debug|x64.Deploy.0 = Debug|Any CPU
		{8F743231-1C08-44CF-897A-02ACAD4CDD69}.Debug|x86.ActiveCfg = Debug|Any CPU
		{8F743231-1C08-44CF-897A-02ACAD4CDD69}.Debug|x86.Build.0 = Debug|Any CPU
		{8F743231-1C08-44CF-897A-02ACAD4CDD69}.Debug|x86.Deploy.0 = Debug|Any CPU
		{8F743231-1C08-44CF-897A-02ACAD4CDD69}.Release|Any CPU.ActiveCfg = Release|Any CPU
		{8F743231-1C08-44CF-897A-02ACAD4CDD69}.Release|Any CPU.Build.0 = Release|Any CPU
		{8F743231-1C08-44CF-897A-02ACAD4CDD69}.Release|Any CPU.Deploy.0 = Release|Any CPU
		{8F743231-1C08-44CF-897A-02ACAD4CDD69}.Release|ARM.ActiveCfg = Release|Any CPU
		{8F743231-1C08-44CF-897A-02ACAD4CDD69}.Release|ARM.Build.0 = Release|Any CPU
		{8F743231-1C08-44CF-897A-02ACAD4CDD69}.Release|ARM.Deploy.0 = Release|Any CPU
		{8F743231-1C08-44CF-897A-02ACAD4CDD69}.Release|iPhone.ActiveCfg = Release|Any CPU
		{8F743231-1C08-44CF-897A-02ACAD4CDD69}.Release|iPhone.Build.0 = Release|Any CPU
		{8F743231-1C08-44CF-897A-02ACAD4CDD69}.Release|iPhone.Deploy.0 = Release|Any CPU
		{8F743231-1C08-44CF-897A-02ACAD4CDD69}.Release|iPhoneSimulator.ActiveCfg = Release|Any CPU
		{8F743231-1C08-44CF-897A-02ACAD4CDD69}.Release|iPhoneSimulator.Build.0 = Release|Any CPU
		{8F743231-1C08-44CF-897A-02ACAD4CDD69}.Release|iPhoneSimulator.Deploy.0 = Release|Any CPU
		{8F743231-1C08-44CF-897A-02ACAD4CDD69}.Release|x64.ActiveCfg = Release|Any CPU
		{8F743231-1C08-44CF-897A-02ACAD4CDD69}.Release|x64.Build.0 = Release|Any CPU
		{8F743231-1C08-44CF-897A-02ACAD4CDD69}.Release|x64.Deploy.0 = Release|Any CPU
		{8F743231-1C08-44CF-897A-02ACAD4CDD69}.Release|x86.ActiveCfg = Release|Any CPU
		{8F743231-1C08-44CF-897A-02ACAD4CDD69}.Release|x86.Build.0 = Release|Any CPU
		{8F743231-1C08-44CF-897A-02ACAD4CDD69}.Release|x86.Deploy.0 = Release|Any CPU
	EndGlobalSection
	GlobalSection(SolutionProperties) = preSolution
		HideSolutionNode = FALSE
	EndGlobalSection
	GlobalSection(ExtensibilityGlobals) = postSolution
		SolutionGuid = {53FCC75C-8F7A-452C-8976-58E25928562D}
	EndGlobalSection
EndGlobal
